
Microsoft Visual Studio Solution File, Format Version 12.00
# Visual Studio Version 17
VisualStudioVersion = 17.14.36414.22 d17.14
MinimumVisualStudioVersion = 10.0.40219.1
Project("{FAE04EC0-301F-11D3-BF4B-00C04F79EFBC}") = "Attend5.Domain", "Attend5.Domain\Attend5.Domain.csproj", "{73CE86F9-76E3-4AA5-A164-7CA4B2CBDD49}"
EndProject
Project("{FAE04EC0-301F-11D3-BF4B-00C04F79EFBC}") = "Attend5.Infrastructure", "Attend5.Infrastructure\Attend5.Infrastructure.csproj", "{8DE2A934-9CE0-41E9-A9F2-79F45CA1F831}"
EndProject
Project("{FAE04EC0-301F-11D3-BF4B-00C04F79EFBC}") = "Attend5.Application", "Attend5.Application\Attend5.Application.csproj", "{B085C8CC-A2BB-4436-BB55-3E350FD5E0F5}"
EndProject
Project("{FAE04EC0-301F-11D3-BF4B-00C04F79EFBC}") = "Attend5.Client", "Attend5.Client\Attend5.Client.csproj", "{71A993AC-F5E4-4EE5-B07D-05ECE8ABD0B9}"
EndProject
Global
	GlobalSection(SolutionConfigurationPlatforms) = preSolution
		Debug|Any CPU = Debug|Any CPU
		Release|Any CPU = Release|Any CPU
	EndGlobalSection
	GlobalSection(ProjectConfigurationPlatforms) = postSolution
		{73CE86F9-76E3-4AA5-A164-7CA4B2CBDD49}.Debug|Any CPU.ActiveCfg = Debug|Any CPU
		{73CE86F9-76E3-4AA5-A164-7CA4B2CBDD49}.Debug|Any CPU.Build.0 = Debug|Any CPU
		{73CE86F9-76E3-4AA5-A164-7CA4B2CBDD49}.Release|Any CPU.ActiveCfg = Release|Any CPU
		{73CE86F9-76E3-4AA5-A164-7CA4B2CBDD49}.Release|Any CPU.Build.0 = Release|Any CPU
		{8DE2A934-9CE0-41E9-A9F2-79F45CA1F831}.Debug|Any CPU.ActiveCfg = Debug|Any CPU
		{8DE2A934-9CE0-41E9-A9F2-79F45CA1F831}.Debug|Any CPU.Build.0 = Debug|Any CPU
		{8DE2A934-9CE0-41E9-A9F2-79F45CA1F831}.Release|Any CPU.ActiveCfg = Release|Any CPU
		{8DE2A934-9CE0-41E9-A9F2-79F45CA1F831}.Release|Any CPU.Build.0 = Release|Any CPU
		{B085C8CC-A2BB-4436-BB55-3E350FD5E0F5}.Debug|Any CPU.ActiveCfg = Debug|Any CPU
		{B085C8CC-A2BB-4436-BB55-3E350FD5E0F5}.Debug|Any CPU.Build.0 = Debug|Any CPU
		{B085C8CC-A2BB-4436-BB55-3E350FD5E0F5}.Release|Any CPU.ActiveCfg = Release|Any CPU
		{B085C8CC-A2BB-4436-BB55-3E350FD5E0F5}.Release|Any CPU.Build.0 = Release|Any CPU
		{71A993AC-F5E4-4EE5-B07D-05ECE8ABD0B9}.Debug|Any CPU.ActiveCfg = Debug|Any CPU
		{71A993AC-F5E4-4EE5-B07D-05ECE8ABD0B9}.Debug|Any CPU.Build.0 = Debug|Any CPU
		{71A993AC-F5E4-4EE5-B07D-05ECE8ABD0B9}.Release|Any CPU.ActiveCfg = Release|Any CPU
		{71A993AC-F5E4-4EE5-B07D-05ECE8ABD0B9}.Release|Any CPU.Build.0 = Release|Any CPU
	EndGlobalSection
	GlobalSection(SolutionProperties) = preSolution
		HideSolutionNode = FALSE
	EndGlobalSection
	GlobalSection(ExtensibilityGlobals) = postSolution
		SolutionGuid = {CA2E941B-3789-4D90-95DE-91C04902D11C}
	EndGlobalSection
EndGlobal
